
Microsoft Visual Studio Solution File, Format Version 12.00
# Visual Studio Version 16
VisualStudioVersion = 16.0.29424.173
MinimumVisualStudioVersion = 10.0.40219.1
Project("{8BC9CEB8-8B4A-11D0-8D11-00A0C91BC942}") = "dll_chinesechess", "dll_chinesechess\dll_chinesechess.vcxproj", "{F049313D-3932-4CCA-8E57-209015CD8347}"
EndProject
Global
	GlobalSection(SolutionConfigurationPlatforms) = preSolution
		Debug|x64 = Debug|x64
		Debug|x86 = Debug|x86
		Release|x64 = Release|x64
		Release|x86 = Release|x86
	EndGlobalSection
	GlobalSection(ProjectConfigurationPlatforms) = postSolution
		{F049313D-3932-4CCA-8E57-209015CD8347}.Debug|x64.ActiveCfg = Debug|x64
		{F049313D-3932-4CCA-8E57-209015CD8347}.Debug|x64.Build.0 = Debug|x64
		{F049313D-3932-4CCA-8E57-209015CD8347}.Debug|x86.ActiveCfg = Debug|Win32
		{F049313D-3932-4CCA-8E57-209015CD8347}.Debug|x86.Build.0 = Debug|Win32
		{F049313D-3932-4CCA-8E57-209015CD8347}.Release|x64.ActiveCfg = Release|x64
		{F049313D-3932-4CCA-8E57-209015CD8347}.Release|x64.Build.0 = Release|x64
		{F049313D-3932-4CCA-8E57-209015CD8347}.Release|x86.ActiveCfg = Release|Win32
		{F049313D-3932-4CCA-8E57-209015CD8347}.Release|x86.Build.0 = Release|Win32
	EndGlobalSection
	GlobalSection(SolutionProperties) = preSolution
		HideSolutionNode = FALSE
	EndGlobalSection
	GlobalSection(ExtensibilityGlobals) = postSolution
		SolutionGuid = {76AA702A-88FA-46C0-A14B-FD4CB06A29BC}
	EndGlobalSection
EndGlobal
